// !$*UTF8*$!
{
	archiveVersion = 1;
	classes = {
	};
	objectVersion = 46;
	objects = {

/* Begin PBXBuildFile section */
		9824F3991CB9E64A00745929 /* AppDelegate.swift in Sources */ = {isa = PBXBuildFile; fileRef = 9824F3981CB9E64A00745929 /* AppDelegate.swift */; };
		9824F39B1CB9E64A00745929 /* ViewController.swift in Sources */ = {isa = PBXBuildFile; fileRef = 9824F39A1CB9E64A00745929 /* ViewController.swift */; };
		9824F39E1CB9E64A00745929 /* Main.storyboard in Resources */ = {isa = PBXBuildFile; fileRef = 9824F39C1CB9E64A00745929 /* Main.storyboard */; };
		9824F3A11CB9E64A00745929 /* my_favorite_films.xcdatamodeld in Sources */ = {isa = PBXBuildFile; fileRef = 9824F39F1CB9E64A00745929 /* my_favorite_films.xcdatamodeld */; };
		9824F3A31CB9E64A00745929 /* Assets.xcassets in Resources */ = {isa = PBXBuildFile; fileRef = 9824F3A21CB9E64A00745929 /* Assets.xcassets */; };
		9824F3A61CB9E64A00745929 /* LaunchScreen.storyboard in Resources */ = {isa = PBXBuildFile; fileRef = 9824F3A41CB9E64A00745929 /* LaunchScreen.storyboard */; };
/* End PBXBuildFile section */

/* Begin PBXFileReference section */
		9824F3951CB9E64A00745929 /* my-favorite-films.app */ = {isa = PBXFileReference; explicitFileType = wrapper.application; includeInIndex = 0; path = "my-favorite-films.app"; sourceTree = BUILT_PRODUCTS_DIR; };
		9824F3981CB9E64A00745929 /* AppDelegate.swift */ = {isa = PBXFileReference; lastKnownFileType = sourcecode.swift; path = AppDelegate.swift; sourceTree = "<group>"; };
		9824F39A1CB9E64A00745929 /* ViewController.swift */ = {isa = PBXFileReference; lastKnownFileType = sourcecode.swift; path = ViewController.swift; sourceTree = "<group>"; };
		9824F39D1CB9E64A00745929 /* Base */ = {isa = PBXFileReference; lastKnownFileType = file.storyboard; name = Base; path = Base.lproj/Main.storyboard; sourceTree = "<group>"; };
		9824F3A01CB9E64A00745929 /* my_favorite_films.xcdatamodel */ = {isa = PBXFileReference; lastKnownFileType = wrapper.xcdatamodel; path = my_favorite_films.xcdatamodel; sourceTree = "<group>"; };
		9824F3A21CB9E64A00745929 /* Assets.xcassets */ = {isa = PBXFileReference; lastKnownFileType = folder.assetcatalog; path = Assets.xcassets; sourceTree = "<group>"; };
		9824F3A51CB9E64A00745929 /* Base */ = {isa = PBXFileReference; lastKnownFileType = file.storyboard; name = Base; path = Base.lproj/LaunchScreen.storyboard; sourceTree = "<group>"; };
		9824F3A71CB9E64A00745929 /* Info.plist */ = {isa = PBXFileReference; lastKnownFileType = text.plist.xml; path = Info.plist; sourceTree = "<group>"; };
/* End PBXFileReference section */

/* Begin PBXFrameworksBuildPhase section */
		9824F3921CB9E64A00745929 /* Frameworks */ = {
			isa = PBXFrameworksBuildPhase;
			buildActionMask = 2147483647;
			files = (
			);
			runOnlyForDeploymentPostprocessing = 0;
		};
/* End PBXFrameworksBuildPhase section */

/* Begin PBXGroup section */
		980521C41CC1830A00C3DD4D /* Model */ = {
			isa = PBXGroup;
			children = (
			);
			name = Model;
			sourceTree = "<group>";
		};
		980521C51CC1831200C3DD4D /* View */ = {
			isa = PBXGroup;
			children = (
			);
			name = View;
			sourceTree = "<group>";
		};
		980521C61CC1858400C3DD4D /* Controller */ = {
			isa = PBXGroup;
			children = (
			);
			name = Controller;
			sourceTree = "<group>";
		};
		9824F38C1CB9E64A00745929 = {
			isa = PBXGroup;
			children = (
				9824F3971CB9E64A00745929 /* my-favorite-films */,
				9824F3961CB9E64A00745929 /* Products */,
			);
			sourceTree = "<group>";
		};
		9824F3961CB9E64A00745929 /* Products */ = {
			isa = PBXGroup;
			children = (
				9824F3951CB9E64A00745929 /* my-favorite-films.app */,
			);
			name = Products;
			sourceTree = "<group>";
		};
		9824F3971CB9E64A00745929 /* my-favorite-films */ = {
			isa = PBXGroup;
			children = (
				980521C61CC1858400C3DD4D /* Controller */,
				980521C51CC1831200C3DD4D /* View */,
				980521C41CC1830A00C3DD4D /* Model */,
				9824F3981CB9E64A00745929 /* AppDelegate.swift */,
				9824F39A1CB9E64A00745929 /* ViewController.swift */,
				9824F39C1CB9E64A00745929 /* Main.storyboard */,
				9824F3A21CB9E64A00745929 /* Assets.xcassets */,
				9824F3A41CB9E64A00745929 /* LaunchScreen.storyboard */,
				9824F3A71CB9E64A00745929 /* Info.plist */,
				9824F39F1CB9E64A00745929 /* my_favorite_films.xcdatamodeld */,
			);
			path = "my-favorite-films";
			sourceTree = "<group>";
		};
/* End PBXGroup section */

/* Begin PBXNativeTarget section */
		9824F3941CB9E64A00745929 /* my-favorite-films */ = {
			isa = PBXNativeTarget;
			buildConfigurationList = 9824F3AA1CB9E64A00745929 /* Build configuration list for PBXNativeTarget "my-favorite-films" */;
			buildPhases = (
				9824F3911CB9E64A00745929 /* Sources */,
				9824F3921CB9E64A00745929 /* Frameworks */,
				9824F3931CB9E64A00745929 /* Resources */,
			);
			buildRules = (
			);
			dependencies = (
			);
			name = "my-favorite-films";
			productName = "my-favorite-films";
			productReference = 9824F3951CB9E64A00745929 /* my-favorite-films.app */;
			productType = "com.apple.product-type.application";
		};
/* End PBXNativeTarget section */

/* Begin PBXProject section */
		9824F38D1CB9E64A00745929 /* Project object */ = {
			isa = PBXProject;
			attributes = {
				LastSwiftUpdateCheck = 0730;
				LastUpgradeCheck = 0730;
				ORGANIZATIONNAME = Magiclarsen;
				TargetAttributes = {
					9824F3941CB9E64A00745929 = {
						CreatedOnToolsVersion = 7.3;
					};
				};
			};
			buildConfigurationList = 9824F3901CB9E64A00745929 /* Build configuration list for PBXProject "my-favorite-films" */;
			compatibilityVersion = "Xcode 3.2";
			developmentRegion = English;
			hasScannedForEncodings = 0;
			knownRegions = (
				en,
				Base,
			);
			mainGroup = 9824F38C1CB9E64A00745929;
			productRefGroup = 9824F3961CB9E64A00745929 /* Products */;
			projectDirPath = "";
			projectRoot = "";
			targets = (
				9824F3941CB9E64A00745929 /* my-favorite-films */,
			);
		};
/* End PBXProject section */

/* Begin PBXResourcesBuildPhase section */
		9824F3931CB9E64A00745929 /* Resources */ = {
			isa = PBXResourcesBuildPhase;
			buildActionMask = 2147483647;
			files = (
				9824F3A61CB9E64A00745929 /* LaunchScreen.storyboard in Resources */,
				9824F3A31CB9E64A00745929 /* Assets.xcassets in Resources */,
				9824F39E1CB9E64A00745929 /* Main.storyboard in Resources */,
			);
			runOnlyForDeploymentPostprocessing = 0;
		};
/* End PBXResourcesBuildPhase section */

/* Begin PBXSourcesBuildPhase section */
		9824F3911CB9E64A00745929 /* Sources */ = {
			isa = PBXSourcesBuildPhase;
			buildActionMask = 2147483647;
			files = (
				9824F3A11CB9E64A00745929 /* my_favorite_films.xcdatamodeld in Sources */,
				9824F39B1CB9E64A00745929 /* ViewController.swift in Sources */,
				9824F3991CB9E64A00745929 /* AppDelegate.swift in Sources */,
			);
			runOnlyForDeploymentPostprocessing = 0;
		};
/* End PBXSourcesBuildPhase section */

/* Begin PBXVariantGroup section */
		9824F39C1CB9E64A00745929 /* Main.storyboard */ = {
			isa = PBXVariantGroup;
			children = (
				9824F39D1CB9E64A00745929 /* Base */,
			);
			name = Main.storyboard;
			sourceTree = "<group>";
		};
		9824F3A41CB9E64A00745929 /* LaunchScreen.storyboard */ = {
			isa = PBXVariantGroup;
			children = (
				9824F3A51CB9E64A00745929 /* Base */,
			);
			name = LaunchScreen.storyboard;
			sourceTree = "<group>";
		};
/* End PBXVariantGroup section */

/* Begin XCBuildConfiguration section */
		9824F3A81CB9E64A00745929 /* Debug */ = {
			isa = XCBuildConfiguration;
			buildSettings = {
				ALWAYS_SEARCH_USER_PATHS = NO;
				CLANG_ANALYZER_NONNULL = YES;
				CLANG_CXX_LANGUAGE_STANDARD = "gnu++0x";
				CLANG_CXX_LIBRARY = "libc++";
				CLANG_ENABLE_MODULES = YES;
				CLANG_ENABLE_OBJC_ARC = YES;
				CLANG_WARN_BOOL_CONVERSION = YES;
				CLANG_WARN_CONSTANT_CONVERSION = YES;
				CLANG_WARN_DIRECT_OBJC_ISA_USAGE = YES_ERROR;
				CLANG_WARN_EMPTY_BODY = YES;
				CLANG_WARN_ENUM_CONVERSION = YES;
				CLANG_WARN_INT_CONVERSION = YES;
				CLANG_WARN_OBJC_ROOT_CLASS = YES_ERROR;
				CLANG_WARN_UNREACHABLE_CODE = YES;
				CLANG_WARN__DUPLICATE_METHOD_MATCH = YES;
				"CODE_SIGN_IDENTITY[sdk=iphoneos*]" = "iPhone Developer";
				COPY_PHASE_STRIP = NO;
				DEBUG_INFORMATION_FORMAT = dwarf;
				ENABLE_STRICT_OBJC_MSGSEND = YES;
				ENABLE_TESTABILITY = YES;
				GCC_C_LANGUAGE_STANDARD = gnu99;
				GCC_DYNAMIC_NO_PIC = NO;
				GCC_NO_COMMON_BLOCKS = YES;
				GCC_OPTIMIZATION_LEVEL = 0;
				GCC_PREPROCESSOR_DEFINITIONS = (
					"DEBUG=1",
					"$(inherited)",
				);
				GCC_WARN_64_TO_32_BIT_CONVERSION = YES;
				GCC_WARN_ABOUT_RETURN_TYPE = YES_ERROR;
				GCC_WARN_UNDECLARED_SELECTOR = YES;
				GCC_WARN_UNINITIALIZED_AUTOS = YES_AGGRESSIVE;
				GCC_WARN_UNUSED_FUNCTION = YES;
				GCC_WARN_UNUSED_VARIABLE = YES;
				IPHONEOS_DEPLOYMENT_TARGET = 9.3;
				MTL_ENABLE_DEBUG_INFO = YES;
				ONLY_ACTIVE_ARCH = YES;
				SDKROOT = iphoneos;
				SWIFT_OPTIMIZATION_LEVEL = "-Onone";
				TARGETED_DEVICE_FAMILY = "1,2";
			};
			name = Debug;
		};
		9824F3A91CB9E64A00745929 /* Release */ = {
			isa = XCBuildConfiguration;
			buildSettings = {
				ALWAYS_SEARCH_USER_PATHS = NO;
				CLANG_ANALYZER_NONNULL = YES;
				CLANG_CXX_LANGUAGE_STANDARD = "gnu++0x";
				CLANG_CXX_LIBRARY = "libc++";
				CLANG_ENABLE_MODULES = YES;
				CLANG_ENABLE_OBJC_ARC = YES;
				CLANG_WARN_BOOL_CONVERSION = YES;
				CLANG_WARN_CONSTANT_CONVERSION = YES;
				CLANG_WARN_DIRECT_OBJC_ISA_USAGE = YES_ERROR;
				CLANG_WARN_EMPTY_BODY = YES;
				CLANG_WARN_ENUM_CONVERSION = YES;
				CLANG_WARN_INT_CONVERSION = YES;
				CLANG_WARN_OBJC_ROOT_CLASS = YES_ERROR;
				CLANG_WARN_UNREACHABLE_CODE = YES;
				CLANG_WARN__DUPLICATE_METHOD_MATCH = YES;
				"CODE_SIGN_IDENTITY[sdk=iphoneos*]" = "iPhone Developer";
				COPY_PHASE_STRIP = NO;
				DEBUG_INFORMATION_FORMAT = "dwarf-with-dsym";
				ENABLE_NS_ASSERTIONS = NO;
				ENABLE_STRICT_OBJC_MSGSEND = YES;
				GCC_C_LANGUAGE_STANDARD = gnu99;
				GCC_NO_COMMON_BLOCKS = YES;
				GCC_WARN_64_TO_32_BIT_CONVERSION = YES;
				GCC_WARN_ABOUT_RETURN_TYPE = YES_ERROR;
				GCC_WARN_UNDECLARED_SELECTOR = YES;
				GCC_WARN_UNINITIALIZED_AUTOS = YES_AGGRESSIVE;
				GCC_WARN_UNUSED_FUNCTION = YES;
				GCC_WARN_UNUSED_VARIABLE = YES;
				IPHONEOS_DEPLOYMENT_TARGET = 9.3;
				MTL_ENABLE_DEBUG_INFO = NO;
				SDKROOT = iphoneos;
				TARGETED_DEVICE_FAMILY = "1,2";
				VALIDATE_PRODUCT = YES;
			};
			name = Release;
		};
		9824F3AB1CB9E64A00745929 /* Debug */ = {
			isa = XCBuildConfiguration;
			buildSettings = {
				ASSETCATALOG_COMPILER_APPICON_NAME = AppIcon;
				INFOPLIST_FILE = "my-favorite-films/Info.plist";
				LD_RUNPATH_SEARCH_PATHS = "$(inherited) @executable_path/Frameworks";
				PRODUCT_BUNDLE_IDENTIFIER = "com.magiclarsen.my-favorite-films";
				PRODUCT_NAME = "$(TARGET_NAME)";
			};
			name = Debug;
		};
		9824F3AC1CB9E64A00745929 /* Release */ = {
			isa = XCBuildConfiguration;
			buildSettings = {
				ASSETCATALOG_COMPILER_APPICON_NAME = AppIcon;
				INFOPLIST_FILE = "my-favorite-films/Info.plist";
				LD_RUNPATH_SEARCH_PATHS = "$(inherited) @executable_path/Frameworks";
				PRODUCT_BUNDLE_IDENTIFIER = "com.magiclarsen.my-favorite-films";
				PRODUCT_NAME = "$(TARGET_NAME)";
			};
			name = Release;
		};
/* End XCBuildConfiguration section */

/* Begin XCConfigurationList section */
		9824F3901CB9E64A00745929 /* Build configuration list for PBXProject "my-favorite-films" */ = {
			isa = XCConfigurationList;
			buildConfigurations = (
				9824F3A81CB9E64A00745929 /* Debug */,
				9824F3A91CB9E64A00745929 /* Release */,
			);
			defaultConfigurationIsVisible = 0;
			defaultConfigurationName = Release;
		};
		9824F3AA1CB9E64A00745929 /* Build configuration list for PBXNativeTarget "my-favorite-films" */ = {
			isa = XCConfigurationList;
			buildConfigurations = (
				9824F3AB1CB9E64A00745929 /* Debug */,
				9824F3AC1CB9E64A00745929 /* Release */,
			);
			defaultConfigurationIsVisible = 0;
			defaultConfigurationName = Release;
		};
/* End XCConfigurationList section */

/* Begin XCVersionGroup section */
		9824F39F1CB9E64A00745929 /* my_favorite_films.xcdatamodeld */ = {
			isa = XCVersionGroup;
			children = (
				9824F3A01CB9E64A00745929 /* my_favorite_films.xcdatamodel */,
			);
			currentVersion = 9824F3A01CB9E64A00745929 /* my_favorite_films.xcdatamodel */;
			path = my_favorite_films.xcdatamodeld;
			sourceTree = "<group>";
			versionGroupType = wrapper.xcdatamodel;
		};
/* End XCVersionGroup section */
	};
	rootObject = 9824F38D1CB9E64A00745929 /* Project object */;
}
